
Microsoft Visual Studio Solution File, Format Version 12.00
# Visual Studio Version 16
VisualStudioVersion = 16.0.30804.86
MinimumVisualStudioVersion = 10.0.40219.1
Project("{FAE04EC0-301F-11D3-BF4B-00C04F79EFBC}") = "Snake", "Snake\Snake.csproj", "{0503DE48-54AE-4D61-A984-8A5456F6BE13}"
EndProject
Global
	GlobalSection(SolutionConfigurationPlatforms) = preSolution
		Debug|Any CPU = Debug|Any CPU
		Release|Any CPU = Release|Any CPU
	EndGlobalSection
	GlobalSection(ProjectConfigurationPlatforms) = postSolution
		{0503DE48-54AE-4D61-A984-8A5456F6BE13}.Debug|Any CPU.ActiveCfg = Debug|Any CPU
		{0503DE48-54AE-4D61-A984-8A5456F6BE13}.Debug|Any CPU.Build.0 = Debug|Any CPU
		{0503DE48-54AE-4D61-A984-8A5456F6BE13}.Release|Any CPU.ActiveCfg = Release|Any CPU
		{0503DE48-54AE-4D61-A984-8A5456F6BE13}.Release|Any CPU.Build.0 = Release|Any CPU
	EndGlobalSection
	GlobalSection(SolutionProperties) = preSolution
		HideSolutionNode = FALSE
	EndGlobalSection
	GlobalSection(ExtensibilityGlobals) = postSolution
		SolutionGuid = {94615A9C-CD9C-4918-A8C4-4F73B2ECB91D}
	EndGlobalSection
EndGlobal
