
Microsoft Visual Studio Solution File, Format Version 12.00
# Visual Studio Version 16
VisualStudioVersion = 16.0.30804.86
MinimumVisualStudioVersion = 10.0.40219.1
Project("{FAE04EC0-301F-11D3-BF4B-00C04F79EFBC}") = "Snake", "Snake\Snake.csproj", "{91910548-7D38-4FB7-8C1A-2470D52F063A}"
EndProject
Global
	GlobalSection(SolutionConfigurationPlatforms) = preSolution
		Debug|Any CPU = Debug|Any CPU
		Release|Any CPU = Release|Any CPU
	EndGlobalSection
	GlobalSection(ProjectConfigurationPlatforms) = postSolution
		{91910548-7D38-4FB7-8C1A-2470D52F063A}.Debug|Any CPU.ActiveCfg = Debug|Any CPU
		{91910548-7D38-4FB7-8C1A-2470D52F063A}.Debug|Any CPU.Build.0 = Debug|Any CPU
		{91910548-7D38-4FB7-8C1A-2470D52F063A}.Release|Any CPU.ActiveCfg = Release|Any CPU
		{91910548-7D38-4FB7-8C1A-2470D52F063A}.Release|Any CPU.Build.0 = Release|Any CPU
	EndGlobalSection
	GlobalSection(SolutionProperties) = preSolution
		HideSolutionNode = FALSE
	EndGlobalSection
	GlobalSection(ExtensibilityGlobals) = postSolution
		SolutionGuid = {3AF1E6F9-9E3B-423D-B031-CC0EFCCB7EBF}
	EndGlobalSection
EndGlobal
